
Microsoft Visual Studio Solution File, Format Version 12.00
# Visual Studio Version 17
VisualStudioVersion = 17.2.32630.192
MinimumVisualStudioVersion = 10.0.40219.1
Project("{FAE04EC0-301F-11D3-BF4B-00C04F79EFBC}") = "DinosaurQuiz", "DinosaurQuiz\DinosaurQuiz.csproj", "{5286ADFA-201F-47A7-8E4E-FD24A73276E1}"
EndProject
Global
	GlobalSection(SolutionConfigurationPlatforms) = preSolution
		Debug|Any CPU = Debug|Any CPU
		Release|Any CPU = Release|Any CPU
	EndGlobalSection
	GlobalSection(ProjectConfigurationPlatforms) = postSolution
		{5286ADFA-201F-47A7-8E4E-FD24A73276E1}.Debug|Any CPU.ActiveCfg = Debug|Any CPU
		{5286ADFA-201F-47A7-8E4E-FD24A73276E1}.Debug|Any CPU.Build.0 = Debug|Any CPU
		{5286ADFA-201F-47A7-8E4E-FD24A73276E1}.Release|Any CPU.ActiveCfg = Release|Any CPU
		{5286ADFA-201F-47A7-8E4E-FD24A73276E1}.Release|Any CPU.Build.0 = Release|Any CPU
	EndGlobalSection
	GlobalSection(SolutionProperties) = preSolution
		HideSolutionNode = FALSE
	EndGlobalSection
	GlobalSection(ExtensibilityGlobals) = postSolution
		SolutionGuid = {70DBBBDA-F214-4952-B584-AE2254BFD88F}
	EndGlobalSection
EndGlobal
